{
  "version": 4,
  "terraform_version": "1.12.2",
  "serial": 74,
  "lineage": "c879ae45-4772-a23b-4467-17d3e5eb973b",
  "outputs": {
    "deployment_info": {
      "value": {
        "eip_ip": null,
        "environment": "staging",
        "frontend_url": "http://47.129.99.213:8080",
        "instance_ip": "47.129.99.213",
        "order_api_url": "http://47.129.99.213:5003",
        "product_api_url": "http://47.129.99.213:5002",
        "ssh_command": "ssh ubuntu@47.129.99.213",
        "user_api_url": "http://47.129.99.213:5001"
      },
      "type": [
        "object",
        {
          "eip_ip": "dynamic",
          "environment": "string",
          "frontend_url": "string",
          "instance_ip": "string",
          "order_api_url": "string",
          "product_api_url": "string",
          "ssh_command": "string",
          "user_api_url": "string"
        }
      ]
    },
    "instance_id": {
      "value": "i-098fc7d5c84000abd",
      "type": "string"
    },
    "instance_private_ip": {
      "value": "10.1.1.202",
      "type": "string"
    },
    "instance_public_ip": {
      "value": "47.129.99.213",
      "type": "string"
    },
    "public_subnet_id": {
      "value": "subnet-0132b91af729e822b",
      "type": "string"
    },
    "security_group_id": {
      "value": "sg-0ff309215b3dca08c",
      "type": "string"
    },
    "ssh_command": {
      "value": "ssh ubuntu@47.129.99.213",
      "type": "string"
    },
    "vpc_cidr_block": {
      "value": "10.1.0.0/16",
      "type": "string"
    },
    "vpc_id": {
      "value": "vpc-049a13a0030d517eb",
      "type": "string"
    }
  },
  "resources": [
    {
      "module": "module.ec2",
      "mode": "data",
      "type": "aws_ami",
      "name": "ubuntu",
      "provider": "provider[\"registry.terraform.io/hashicorp/aws\"]",
      "instances": [
        {
          "schema_version": 0,
          "attributes": {
            "allow_unsafe_filter": null,
            "architecture": "x86_64",
            "arn": "arn:aws:ec2:ap-southeast-1::image/ami-04056160f0fcaaf17",
            "block_device_mappings": [
              {
                "device_name": "/dev/sda1",
                "ebs": {
                  "delete_on_termination": "true",
                  "encrypted": "false",
                  "iops": "0",
                  "snapshot_id": "snap-08ca6d3138b027d1e",
                  "throughput": "0",
                  "volume_initialization_rate": "0",
                  "volume_size": "8",
                  "volume_type": "gp2"
                },
                "no_device": "",
                "virtual_name": ""
              },
              {
                "device_name": "/dev/sdb",
                "ebs": {},
                "no_device": "",
                "virtual_name": "ephemeral0"
              },
              {
                "device_name": "/dev/sdc",
                "ebs": {},
                "no_device": "",
                "virtual_name": "ephemeral1"
              }
            ],
            "boot_mode": "uefi-preferred",
            "creation_date": "2025-07-12T06:57:17.000Z",
            "deprecation_time": "2027-07-12T06:57:17.000Z",
            "description": "Canonical, Ubuntu, 22.04, amd64 jammy image",
            "ena_support": true,
            "executable_users": null,
            "filter": [
              {
                "name": "name",
                "values": [
                  "ubuntu/images/hvm-ssd/ubuntu-jammy-22.04-amd64-server-*"
                ]
              },
              {
                "name": "root-device-type",
                "values": [
                  "ebs"
                ]
              },
              {
                "name": "virtualization-type",
                "values": [
                  "hvm"
                ]
              }
            ],
            "hypervisor": "xen",
            "id": "ami-04056160f0fcaaf17",
            "image_id": "ami-04056160f0fcaaf17",
            "image_location": "amazon/ubuntu/images/hvm-ssd/ubuntu-jammy-22.04-amd64-server-20250712",
            "image_owner_alias": "amazon",
            "image_type": "machine",
            "imds_support": "",
            "include_deprecated": false,
            "kernel_id": "",
            "last_launched_time": "",
            "most_recent": true,
            "name": "ubuntu/images/hvm-ssd/ubuntu-jammy-22.04-amd64-server-20250712",
            "name_regex": null,
            "owner_id": "099720109477",
            "owners": [
              "099720109477"
            ],
            "platform": "",
            "platform_details": "Linux/UNIX",
            "product_codes": [],
            "public": true,
            "ramdisk_id": "",
            "region": "ap-southeast-1",
            "root_device_name": "/dev/sda1",
            "root_device_type": "ebs",
            "root_snapshot_id": "snap-08ca6d3138b027d1e",
            "sriov_net_support": "simple",
            "state": "available",
            "state_reason": {
              "code": "UNSET",
              "message": "UNSET"
            },
            "tags": {},
            "timeouts": null,
            "tpm_support": "",
            "uefi_data": null,
            "usage_operation": "RunInstances",
            "virtualization_type": "hvm"
          },
          "sensitive_attributes": [],
          "identity_schema_version": 0
        }
      ]
    },
    {
      "module": "module.ec2",
      "mode": "managed",
      "type": "aws_instance",
      "name": "main",
      "provider": "provider[\"registry.terraform.io/hashicorp/aws\"]",
      "instances": [
        {
          "schema_version": 2,
          "attributes": {
            "ami": "ami-04056160f0fcaaf17",
            "arn": "arn:aws:ec2:ap-southeast-1:274949445690:instance/i-098fc7d5c84000abd",
            "associate_public_ip_address": true,
            "availability_zone": "ap-southeast-1a",
            "capacity_reservation_specification": [
              {
                "capacity_reservation_preference": "open",
                "capacity_reservation_target": []
              }
            ],
            "cpu_options": [
              {
                "amd_sev_snp": "",
                "core_count": 1,
                "threads_per_core": 2
              }
            ],
            "credit_specification": [
              {
                "cpu_credits": "unlimited"
              }
            ],
            "disable_api_stop": false,
            "disable_api_termination": false,
            "ebs_block_device": [],
            "ebs_optimized": false,
            "enable_primary_ipv6": null,
            "enclave_options": [
              {
                "enabled": false
              }
            ],
            "ephemeral_block_device": [],
            "get_password_data": false,
            "hibernation": false,
            "host_id": "",
            "host_resource_group_arn": null,
            "iam_instance_profile": "",
            "id": "i-098fc7d5c84000abd",
            "instance_initiated_shutdown_behavior": "stop",
            "instance_lifecycle": "",
            "instance_market_options": [],
            "instance_state": "running",
            "instance_type": "t3.micro",
            "ipv6_address_count": 0,
            "ipv6_addresses": [],
            "key_name": "",
            "launch_template": [],
            "maintenance_options": [
              {
                "auto_recovery": "default"
              }
            ],
            "metadata_options": [
              {
                "http_endpoint": "enabled",
                "http_protocol_ipv6": "disabled",
                "http_put_response_hop_limit": 1,
                "http_tokens": "optional",
                "instance_metadata_tags": "disabled"
              }
            ],
            "monitoring": false,
            "network_interface": [],
            "outpost_arn": "",
            "password_data": "",
            "placement_group": "",
            "placement_partition_number": 0,
            "primary_network_interface_id": "eni-00b5eff02e2316b98",
            "private_dns": "ip-10-1-1-202.ap-southeast-1.compute.internal",
            "private_dns_name_options": [
              {
                "enable_resource_name_dns_a_record": false,
                "enable_resource_name_dns_aaaa_record": false,
                "hostname_type": "ip-name"
              }
            ],
            "private_ip": "10.1.1.202",
            "public_dns": "ec2-47-129-99-213.ap-southeast-1.compute.amazonaws.com",
            "public_ip": "47.129.99.213",
            "region": "ap-southeast-1",
            "root_block_device": [
              {
                "delete_on_termination": true,
                "device_name": "/dev/sda1",
                "encrypted": false,
                "iops": 3000,
                "kms_key_id": "",
                "tags": null,
                "tags_all": {},
                "throughput": 125,
                "volume_id": "vol-0c678940162996ccb",
                "volume_size": 20,
                "volume_type": "gp3"
              }
            ],
            "secondary_private_ips": [],
            "security_groups": [],
            "source_dest_check": true,
            "spot_instance_request_id": "",
            "subnet_id": "subnet-0132b91af729e822b",
            "tags": {
              "Environment": "staging",
              "ManagedBy": "Terraform",
              "Name": "staging-flask-microservices",
              "Owner": "devops-team",
              "Project": "gitops-learning"
            },
            "tags_all": {
              "Environment": "staging",
              "ManagedBy": "Terraform",
              "Name": "staging-flask-microservices",
              "Owner": "devops-team",
              "Project": "gitops-learning"
            },
            "tenancy": "default",
            "timeouts": null,
            "user_data": "#!/bin/bash\n\n# User Data Script for Flask Microservices\n# Environment: staging\n\nset -e\n\n# Update system\napt-get update\napt-get upgrade -y\n\n# Install required packages\napt-get install -y \\\n    apt-transport-https \\\n    ca-certificates \\\n    curl \\\n    software-properties-common \\\n    git \\\n    unzip \\\n    htop \\\n    tree\n\n# Set password for ubuntu user\necho \"ubuntu:Ubuntu2024!\" | chpasswd\n\n# Configure SSH\nsed -i 's/^PasswordAuthentication no/PasswordAuthentication yes/' /etc/ssh/sshd_config\nsed -i 's/^PermitRootLogin yes/PermitRootLogin no/' /etc/ssh/sshd_config\n\n# Setup SSH key if provided\nif [ -n \"ssh-rsa AAAAB3NzaC1yc2EAAAADAQABAAABAQC3EXAMPLEKEYHERE user@host\" ]; then\n    mkdir -p /home/ubuntu/.ssh\n    echo \"ssh-rsa AAAAB3NzaC1yc2EAAAADAQABAAABAQC3EXAMPLEKEYHERE user@host\" \u003e\u003e /home/ubuntu/.ssh/authorized_keys\n    chown -R ubuntu:ubuntu /home/ubuntu/.ssh\n    chmod 700 /home/ubuntu/.ssh\n    chmod 600 /home/ubuntu/.ssh/authorized_keys\nfi\n\n# Install Docker\ncurl -fsSL https://download.docker.com/linux/ubuntu/gpg | apt-key add -\nadd-apt-repository \"deb [arch=amd64] https://download.docker.com/linux/ubuntu focal stable\"\napt-get update\napt-get install -y docker.io\n\n# Add ubuntu user to docker group\nusermod -aG docker ubuntu\n\n# Install Docker Compose\ncurl -L \"https://github.com/docker/compose/releases/download/v2.24.7/docker-compose-$(uname -s)-$(uname -m)\" -o /usr/local/bin/docker-compose\nchmod +x /usr/local/bin/docker-compose\n\n# Install MySQL client\napt-get install -y mysql-client-core-8.0\n\n# Create application directories\nmkdir -p /home/ubuntu/apps\nmkdir -p /home/ubuntu/logs\nmkdir -p /home/ubuntu/backups\n\n# Set proper permissions\nchown -R ubuntu:ubuntu /home/ubuntu\n\n# Configure system limits for Docker\necho \"vm.max_map_count=262144\" \u003e\u003e /etc/sysctl.conf\nsysctl -p\n\n# Enable and start Docker\nsystemctl enable docker\nsystemctl start docker\n\n# Create systemd service for Docker Compose (optional)\ncat \u003e /etc/systemd/system/docker-compose@.service \u003c\u003c EOF\n[Unit]\nDescription=Docker Compose Application Service\nRequires=docker.service\nAfter=docker.service\n\n[Service]\nType=oneshot\nRemainAfterExit=yes\nWorkingDirectory=/home/ubuntu/apps/%i\nExecStart=/usr/local/bin/docker-compose up -d\nExecStop=/usr/local/bin/docker-compose down\nTimeoutStartSec=0\n\n[Install]\nWantedBy=multi-user.target\nEOF\n\n# Restart SSH service\nsystemctl restart sshd\n\n# Create welcome message\ncat \u003e /home/ubuntu/welcome.txt \u003c\u003c EOF\n==========================================\nFlask Microservices Environment: staging\n==========================================\n\nSystem Information:\n- Ubuntu 22.04 LTS\n- Docker: $(docker --version)\n- Docker Compose: $(docker-compose --version)\n\nApplication Directories:\n- Apps: /home/ubuntu/apps\n- Logs: /home/ubuntu/logs\n- Backups: /home/ubuntu/backups\n\nUseful Commands:\n- Check containers: docker ps\n- View logs: docker logs \u003ccontainer_name\u003e\n- Restart services: docker-compose restart\n- System status: systemctl status docker\n\nSSH Access:\n- User: ubuntu\n- Password: Ubuntu2024!\nEOF\n\nchown ubuntu:ubuntu /home/ubuntu/welcome.txt\n\n# Display welcome message\ncat /home/ubuntu/welcome.txt\n\necho \"User data script completed successfully!\" ",
            "user_data_base64": null,
            "user_data_replace_on_change": false,
            "volume_tags": null,
            "vpc_security_group_ids": [
              "sg-0ff309215b3dca08c"
            ]
          },
          "sensitive_attributes": [],
          "identity_schema_version": 0,
          "private": "eyJlMmJmYjczMC1lY2FhLTExZTYtOGY4OC0zNDM2M2JjN2M0YzAiOnsiY3JlYXRlIjo2MDAwMDAwMDAwMDAsImRlbGV0ZSI6MTIwMDAwMDAwMDAwMCwicmVhZCI6OTAwMDAwMDAwMDAwLCJ1cGRhdGUiOjYwMDAwMDAwMDAwMH0sInNjaGVtYV92ZXJzaW9uIjoiMiJ9",
          "dependencies": [
            "module.ec2.data.aws_ami.ubuntu",
            "module.security_groups.aws_security_group.main",
            "module.vpc.aws_subnet.public",
            "module.vpc.aws_vpc.main"
          ],
          "create_before_destroy": true
        }
      ]
    },
    {
      "module": "module.security_groups",
      "mode": "managed",
      "type": "aws_security_group",
      "name": "main",
      "provider": "provider[\"registry.terraform.io/hashicorp/aws\"]",
      "instances": [
        {
          "schema_version": 1,
          "attributes": {
            "arn": "arn:aws:ec2:ap-southeast-1:274949445690:security-group/sg-0ff309215b3dca08c",
            "description": "Managed by Terraform",
            "egress": [
              {
                "cidr_blocks": [
                  "0.0.0.0/0"
                ],
                "description": "All outbound traffic",
                "from_port": 0,
                "ipv6_cidr_blocks": [],
                "prefix_list_ids": [],
                "protocol": "-1",
                "security_groups": [],
                "self": false,
                "to_port": 0
              }
            ],
            "id": "sg-0ff309215b3dca08c",
            "ingress": [
              {
                "cidr_blocks": [
                  "0.0.0.0/0"
                ],
                "description": "Flask microservices (User, Product, Order APIs)",
                "from_port": 5001,
                "ipv6_cidr_blocks": [],
                "prefix_list_ids": [],
                "protocol": "tcp",
                "security_groups": [],
                "self": false,
                "to_port": 5003
              },
              {
                "cidr_blocks": [
                  "0.0.0.0/0"
                ],
                "description": "Frontend application",
                "from_port": 8080,
                "ipv6_cidr_blocks": [],
                "prefix_list_ids": [],
                "protocol": "tcp",
                "security_groups": [],
                "self": false,
                "to_port": 8080
              },
              {
                "cidr_blocks": [
                  "0.0.0.0/0"
                ],
                "description": "HTTP access",
                "from_port": 80,
                "ipv6_cidr_blocks": [],
                "prefix_list_ids": [],
                "protocol": "tcp",
                "security_groups": [],
                "self": false,
                "to_port": 80
              },
              {
                "cidr_blocks": [
                  "0.0.0.0/0"
                ],
                "description": "HTTPS access",
                "from_port": 443,
                "ipv6_cidr_blocks": [],
                "prefix_list_ids": [],
                "protocol": "tcp",
                "security_groups": [],
                "self": false,
                "to_port": 443
              },
              {
                "cidr_blocks": [
                  "0.0.0.0/0"
                ],
                "description": "MySQL databases (User, Product, Order)",
                "from_port": 32000,
                "ipv6_cidr_blocks": [],
                "prefix_list_ids": [],
                "protocol": "tcp",
                "security_groups": [],
                "self": false,
                "to_port": 32002
              },
              {
                "cidr_blocks": [
                  "0.0.0.0/0"
                ],
                "description": "SSH access",
                "from_port": 22,
                "ipv6_cidr_blocks": [],
                "prefix_list_ids": [],
                "protocol": "tcp",
                "security_groups": [],
                "self": false,
                "to_port": 22
              }
            ],
            "name": "staging-security-group",
            "name_prefix": "",
            "owner_id": "274949445690",
            "region": "ap-southeast-1",
            "revoke_rules_on_delete": false,
            "tags": {
              "Environment": "staging",
              "ManagedBy": "Terraform",
              "Name": "staging-security-group",
              "Owner": "devops-team",
              "Project": "gitops-learning"
            },
            "tags_all": {
              "Environment": "staging",
              "ManagedBy": "Terraform",
              "Name": "staging-security-group",
              "Owner": "devops-team",
              "Project": "gitops-learning"
            },
            "timeouts": null,
            "vpc_id": "vpc-049a13a0030d517eb"
          },
          "sensitive_attributes": [],
          "identity_schema_version": 0,
          "private": "eyJlMmJmYjczMC1lY2FhLTExZTYtOGY4OC0zNDM2M2JjN2M0YzAiOnsiY3JlYXRlIjo2MDAwMDAwMDAwMDAsImRlbGV0ZSI6OTAwMDAwMDAwMDAwfSwic2NoZW1hX3ZlcnNpb24iOiIxIn0=",
          "dependencies": [
            "module.vpc.aws_vpc.main"
          ],
          "create_before_destroy": true
        }
      ]
    },
    {
      "module": "module.vpc",
      "mode": "managed",
      "type": "aws_internet_gateway",
      "name": "main",
      "provider": "provider[\"registry.terraform.io/hashicorp/aws\"]",
      "instances": [
        {
          "schema_version": 0,
          "attributes": {
            "arn": "arn:aws:ec2:ap-southeast-1:274949445690:internet-gateway/igw-0b28b9b492a87661e",
            "id": "igw-0b28b9b492a87661e",
            "owner_id": "274949445690",
            "region": "ap-southeast-1",
            "tags": {
              "Environment": "staging",
              "ManagedBy": "Terraform",
              "Name": "staging-igw",
              "Owner": "devops-team",
              "Project": "gitops-learning"
            },
            "tags_all": {
              "Environment": "staging",
              "ManagedBy": "Terraform",
              "Name": "staging-igw",
              "Owner": "devops-team",
              "Project": "gitops-learning"
            },
            "timeouts": null,
            "vpc_id": "vpc-049a13a0030d517eb"
          },
          "sensitive_attributes": [],
          "identity_schema_version": 0,
          "private": "eyJlMmJmYjczMC1lY2FhLTExZTYtOGY4OC0zNDM2M2JjN2M0YzAiOnsiY3JlYXRlIjoxMjAwMDAwMDAwMDAwLCJkZWxldGUiOjEyMDAwMDAwMDAwMDAsInVwZGF0ZSI6MTIwMDAwMDAwMDAwMH19",
          "dependencies": [
            "module.vpc.aws_vpc.main"
          ]
        }
      ]
    },
    {
      "module": "module.vpc",
      "mode": "managed",
      "type": "aws_route_table",
      "name": "public",
      "provider": "provider[\"registry.terraform.io/hashicorp/aws\"]",
      "instances": [
        {
          "schema_version": 0,
          "attributes": {
            "arn": "arn:aws:ec2:ap-southeast-1:274949445690:route-table/rtb-0011847b64bb057d5",
            "id": "rtb-0011847b64bb057d5",
            "owner_id": "274949445690",
            "propagating_vgws": [],
            "region": "ap-southeast-1",
            "route": [
              {
                "carrier_gateway_id": "",
                "cidr_block": "0.0.0.0/0",
                "core_network_arn": "",
                "destination_prefix_list_id": "",
                "egress_only_gateway_id": "",
                "gateway_id": "igw-0b28b9b492a87661e",
                "ipv6_cidr_block": "",
                "local_gateway_id": "",
                "nat_gateway_id": "",
                "network_interface_id": "",
                "transit_gateway_id": "",
                "vpc_endpoint_id": "",
                "vpc_peering_connection_id": ""
              }
            ],
            "tags": {
              "Environment": "staging",
              "ManagedBy": "Terraform",
              "Name": "staging-public-rt",
              "Owner": "devops-team",
              "Project": "gitops-learning"
            },
            "tags_all": {
              "Environment": "staging",
              "ManagedBy": "Terraform",
              "Name": "staging-public-rt",
              "Owner": "devops-team",
              "Project": "gitops-learning"
            },
            "timeouts": null,
            "vpc_id": "vpc-049a13a0030d517eb"
          },
          "sensitive_attributes": [],
          "identity_schema_version": 0,
          "private": "eyJlMmJmYjczMC1lY2FhLTExZTYtOGY4OC0zNDM2M2JjN2M0YzAiOnsiY3JlYXRlIjozMDAwMDAwMDAwMDAsImRlbGV0ZSI6MzAwMDAwMDAwMDAwLCJ1cGRhdGUiOjEyMDAwMDAwMDAwMH19",
          "dependencies": [
            "module.vpc.aws_internet_gateway.main",
            "module.vpc.aws_vpc.main"
          ]
        }
      ]
    },
    {
      "module": "module.vpc",
      "mode": "managed",
      "type": "aws_route_table_association",
      "name": "public",
      "provider": "provider[\"registry.terraform.io/hashicorp/aws\"]",
      "instances": [
        {
          "schema_version": 0,
          "attributes": {
            "gateway_id": "",
            "id": "rtbassoc-03ab39d788d29a38e",
            "region": "ap-southeast-1",
            "route_table_id": "rtb-0011847b64bb057d5",
            "subnet_id": "subnet-0132b91af729e822b",
            "timeouts": null
          },
          "sensitive_attributes": [],
          "identity_schema_version": 0,
          "private": "eyJlMmJmYjczMC1lY2FhLTExZTYtOGY4OC0zNDM2M2JjN2M0YzAiOnsiY3JlYXRlIjozMDAwMDAwMDAwMDAsImRlbGV0ZSI6MzAwMDAwMDAwMDAwLCJ1cGRhdGUiOjEyMDAwMDAwMDAwMH19",
          "dependencies": [
            "module.vpc.aws_internet_gateway.main",
            "module.vpc.aws_route_table.public",
            "module.vpc.aws_subnet.public",
            "module.vpc.aws_vpc.main"
          ]
        }
      ]
    },
    {
      "module": "module.vpc",
      "mode": "managed",
      "type": "aws_subnet",
      "name": "public",
      "provider": "provider[\"registry.terraform.io/hashicorp/aws\"]",
      "instances": [
        {
          "schema_version": 1,
          "attributes": {
            "arn": "arn:aws:ec2:ap-southeast-1:274949445690:subnet/subnet-0132b91af729e822b",
            "assign_ipv6_address_on_creation": false,
            "availability_zone": "ap-southeast-1a",
            "availability_zone_id": "apse1-az2",
            "cidr_block": "10.1.1.0/24",
            "customer_owned_ipv4_pool": "",
            "enable_dns64": false,
            "enable_lni_at_device_index": 0,
            "enable_resource_name_dns_a_record_on_launch": false,
            "enable_resource_name_dns_aaaa_record_on_launch": false,
            "id": "subnet-0132b91af729e822b",
            "ipv6_cidr_block": "",
            "ipv6_cidr_block_association_id": "",
            "ipv6_native": false,
            "map_customer_owned_ip_on_launch": false,
            "map_public_ip_on_launch": true,
            "outpost_arn": "",
            "owner_id": "274949445690",
            "private_dns_hostname_type_on_launch": "ip-name",
            "region": "ap-southeast-1",
            "tags": {
              "Environment": "staging",
              "ManagedBy": "Terraform",
              "Name": "staging-public-subnet",
              "Owner": "devops-team",
              "Project": "gitops-learning"
            },
            "tags_all": {
              "Environment": "staging",
              "ManagedBy": "Terraform",
              "Name": "staging-public-subnet",
              "Owner": "devops-team",
              "Project": "gitops-learning"
            },
            "timeouts": null,
            "vpc_id": "vpc-049a13a0030d517eb"
          },
          "sensitive_attributes": [],
          "identity_schema_version": 0,
          "private": "eyJlMmJmYjczMC1lY2FhLTExZTYtOGY4OC0zNDM2M2JjN2M0YzAiOnsiY3JlYXRlIjo2MDAwMDAwMDAwMDAsImRlbGV0ZSI6MTIwMDAwMDAwMDAwMH0sInNjaGVtYV92ZXJzaW9uIjoiMSJ9",
          "dependencies": [
            "module.vpc.aws_vpc.main"
          ],
          "create_before_destroy": true
        }
      ]
    },
    {
      "module": "module.vpc",
      "mode": "managed",
      "type": "aws_vpc",
      "name": "main",
      "provider": "provider[\"registry.terraform.io/hashicorp/aws\"]",
      "instances": [
        {
          "schema_version": 1,
          "attributes": {
            "arn": "arn:aws:ec2:ap-southeast-1:274949445690:vpc/vpc-049a13a0030d517eb",
            "assign_generated_ipv6_cidr_block": false,
            "cidr_block": "10.1.0.0/16",
            "default_network_acl_id": "acl-0a29633f87afb3098",
            "default_route_table_id": "rtb-0dae0c3e181ea3644",
            "default_security_group_id": "sg-0fa27200941a915c0",
            "dhcp_options_id": "dopt-0c211aa62adf19c53",
            "enable_dns_hostnames": true,
            "enable_dns_support": true,
            "enable_network_address_usage_metrics": false,
            "id": "vpc-049a13a0030d517eb",
            "instance_tenancy": "default",
            "ipv4_ipam_pool_id": null,
            "ipv4_netmask_length": null,
            "ipv6_association_id": "",
            "ipv6_cidr_block": "",
            "ipv6_cidr_block_network_border_group": "",
            "ipv6_ipam_pool_id": "",
            "ipv6_netmask_length": 0,
            "main_route_table_id": "rtb-0dae0c3e181ea3644",
            "owner_id": "274949445690",
            "region": "ap-southeast-1",
            "tags": {
              "Environment": "staging",
              "ManagedBy": "Terraform",
              "Name": "staging-vpc",
              "Owner": "devops-team",
              "Project": "gitops-learning"
            },
            "tags_all": {
              "Environment": "staging",
              "ManagedBy": "Terraform",
              "Name": "staging-vpc",
              "Owner": "devops-team",
              "Project": "gitops-learning"
            }
          },
          "sensitive_attributes": [],
          "identity_schema_version": 0,
          "private": "eyJzY2hlbWFfdmVyc2lvbiI6IjEifQ==",
          "create_before_destroy": true
        }
      ]
    }
  ],
  "check_results": null
}
