{
  "version": 4,
  "terraform_version": "1.5.7",
  "serial": 9,
  "lineage": "c64672b4-578c-fabc-e84c-b49905b02f6d",
  "outputs": {},
  "resources": [
    {
      "mode": "managed",
      "type": "azurerm_linux_web_app",
      "name": "backend",
      "provider": "provider[\"registry.terraform.io/hashicorp/azurerm\"]",
      "instances": [
        {
          "schema_version": 1,
          "attributes": {
            "app_settings": {
              "DB_HOST": "myappmysql2024.mysql.database.azure.com",
              "DB_NAME": "appdb",
              "DB_PASSWORD": "appPassword123!",
              "DB_PORT": "3306",
              "DB_USER": "appuser@myappmysql2024",
              "FRONTEND_URL": "https://myapp-frontend-2024.azurewebsites.net",
              "JWT_SECRET": "supersecretkey",
              "PORT": "4000"
            },
            "auth_settings": [],
            "auth_settings_v2": [],
            "backup": [],
            "client_affinity_enabled": false,
            "client_certificate_enabled": false,
            "client_certificate_exclusion_paths": "",
            "client_certificate_mode": "Required",
            "connection_string": [],
            "custom_domain_verification_id": "606DE2B6497C28DF31C8F598D337ECCC0DE53A9F4FA0B397970DD1BD3EB8A814",
            "default_hostname": "myapp-backend-2024.azurewebsites.net",
            "enabled": true,
            "ftp_publish_basic_authentication_enabled": true,
            "hosting_environment_id": "",
            "https_only": false,
            "id": "/subscriptions/c45812e8-7995-4894-9bd9-3f8d098368ca/resourceGroups/myapp-rg/providers/Microsoft.Web/sites/myapp-backend-2024",
            "identity": [],
            "key_vault_reference_identity_id": "SystemAssigned",
            "kind": "app,linux",
            "location": "southeastasia",
            "logs": [],
            "name": "myapp-backend-2024",
            "outbound_ip_address_list": [
              "57.155.53.170",
              "57.155.53.206",
              "57.155.53.106",
              "4.144.176.9",
              "4.144.176.108",
              "4.144.176.115",
              "57.155.49.244",
              "57.155.50.11",
              "57.155.50.15",
              "57.155.50.41",
              "57.155.50.222",
              "57.155.51.191",
              "20.212.64.2"
            ],
            "outbound_ip_addresses": "57.155.53.170,57.155.53.206,57.155.53.106,4.144.176.9,4.144.176.108,4.144.176.115,57.155.49.244,57.155.50.11,57.155.50.15,57.155.50.41,57.155.50.222,57.155.51.191,20.212.64.2",
            "possible_outbound_ip_address_list": [
              "57.155.53.170",
              "57.155.53.206",
              "57.155.53.106",
              "4.144.176.9",
              "4.144.176.108",
              "4.144.176.115",
              "57.155.49.244",
              "57.155.50.11",
              "57.155.50.15",
              "57.155.50.41",
              "57.155.50.222",
              "57.155.51.191",
              "57.155.52.253",
              "57.155.53.7",
              "57.155.53.70",
              "57.155.53.72",
              "57.155.53.117",
              "57.155.53.125",
              "57.155.53.129",
              "57.155.53.132",
              "57.155.53.141",
              "57.155.53.145",
              "57.155.53.157",
              "57.155.53.159",
              "4.144.176.117",
              "4.144.176.163",
              "4.144.176.164",
              "4.144.177.23",
              "4.144.177.46",
              "4.144.177.68",
              "20.212.64.2"
            ],
            "possible_outbound_ip_addresses": "57.155.53.170,57.155.53.206,57.155.53.106,4.144.176.9,4.144.176.108,4.144.176.115,57.155.49.244,57.155.50.11,57.155.50.15,57.155.50.41,57.155.50.222,57.155.51.191,57.155.52.253,57.155.53.7,57.155.53.70,57.155.53.72,57.155.53.117,57.155.53.125,57.155.53.129,57.155.53.132,57.155.53.141,57.155.53.145,57.155.53.157,57.155.53.159,4.144.176.117,4.144.176.163,4.144.176.164,4.144.177.23,4.144.177.46,4.144.177.68,20.212.64.2",
            "public_network_access_enabled": true,
            "resource_group_name": "myapp-rg",
            "service_plan_id": "/subscriptions/c45812e8-7995-4894-9bd9-3f8d098368ca/resourceGroups/myapp-rg/providers/Microsoft.Web/serverFarms/myapp-service-plan",
            "site_config": [
              {
                "always_on": true,
                "api_definition_url": "",
                "api_management_api_id": "",
                "app_command_line": "",
                "application_stack": [
                  {
                    "docker_image_name": "",
                    "docker_registry_password": "",
                    "docker_registry_url": "",
                    "docker_registry_username": "",
                    "dotnet_version": "",
                    "go_version": "",
                    "java_server": "",
                    "java_server_version": "",
                    "java_version": "",
                    "node_version": "18-lts",
                    "php_version": "",
                    "python_version": "",
                    "ruby_version": ""
                  }
                ],
                "auto_heal_setting": [],
                "container_registry_managed_identity_client_id": "",
                "container_registry_use_managed_identity": false,
                "cors": [],
                "default_documents": [
                  "Default.htm",
                  "Default.html",
                  "Default.asp",
                  "index.htm",
                  "index.html",
                  "iisstart.htm",
                  "default.aspx",
                  "index.php",
                  "hostingstart.html"
                ],
                "detailed_error_logging_enabled": false,
                "ftps_state": "Disabled",
                "health_check_eviction_time_in_min": 0,
                "health_check_path": "",
                "http2_enabled": false,
                "ip_restriction": [],
                "ip_restriction_default_action": "Allow",
                "linux_fx_version": "NODE|18-lts",
                "load_balancing_mode": "LeastRequests",
                "local_mysql_enabled": false,
                "managed_pipeline_mode": "Integrated",
                "minimum_tls_version": "1.2",
                "remote_debugging_enabled": false,
                "remote_debugging_version": "VS2022",
                "scm_ip_restriction": [],
                "scm_ip_restriction_default_action": "Allow",
                "scm_minimum_tls_version": "1.2",
                "scm_type": "None",
                "scm_use_main_ip_restriction": false,
                "use_32_bit_worker": true,
                "vnet_route_all_enabled": false,
                "websockets_enabled": false,
                "worker_count": 1
              }
            ],
            "site_credential": [
              {
                "name": "$myapp-backend-2024",
                "password": "iZMrlmJclDmmsQ3jLY8mzDLQWomlCuL4u8uezPfvw9cAmcZzS7k7xbiWiLrA"
              }
            ],
            "sticky_settings": [],
            "storage_account": [],
            "tags": null,
            "timeouts": null,
            "virtual_network_backup_restore_enabled": false,
            "virtual_network_subnet_id": "",
            "vnet_image_pull_enabled": false,
            "webdeploy_publish_basic_authentication_enabled": true,
            "zip_deploy_file": ""
          },
          "sensitive_attributes": [],
          "private": "eyJlMmJmYjczMC1lY2FhLTExZTYtOGY4OC0zNDM2M2JjN2M0YzAiOnsiY3JlYXRlIjoxODAwMDAwMDAwMDAwLCJkZWxldGUiOjE4MDAwMDAwMDAwMDAsInJlYWQiOjMwMDAwMDAwMDAwMCwidXBkYXRlIjoxODAwMDAwMDAwMDAwfSwic2NoZW1hX3ZlcnNpb24iOiIxIn0=",
          "dependencies": [
            "azurerm_mysql_flexible_server.main",
            "azurerm_resource_group.main",
            "azurerm_service_plan.main"
          ]
        }
      ]
    },
    {
      "mode": "managed",
      "type": "azurerm_linux_web_app",
      "name": "frontend",
      "provider": "provider[\"registry.terraform.io/hashicorp/azurerm\"]",
      "instances": [
        {
          "schema_version": 1,
          "attributes": {
            "app_settings": {
              "REACT_APP_API_URL": "https://myapp-backend-2024.azurewebsites.net"
            },
            "auth_settings": [],
            "auth_settings_v2": [],
            "backup": [],
            "client_affinity_enabled": false,
            "client_certificate_enabled": false,
            "client_certificate_exclusion_paths": "",
            "client_certificate_mode": "Required",
            "connection_string": [],
            "custom_domain_verification_id": "606DE2B6497C28DF31C8F598D337ECCC0DE53A9F4FA0B397970DD1BD3EB8A814",
            "default_hostname": "myapp-frontend-2024.azurewebsites.net",
            "enabled": true,
            "ftp_publish_basic_authentication_enabled": true,
            "hosting_environment_id": "",
            "https_only": false,
            "id": "/subscriptions/c45812e8-7995-4894-9bd9-3f8d098368ca/resourceGroups/myapp-rg/providers/Microsoft.Web/sites/myapp-frontend-2024",
            "identity": [],
            "key_vault_reference_identity_id": "SystemAssigned",
            "kind": "app,linux",
            "location": "southeastasia",
            "logs": [],
            "name": "myapp-frontend-2024",
            "outbound_ip_address_list": [
              "57.155.53.170",
              "57.155.53.206",
              "57.155.53.106",
              "4.144.176.9",
              "4.144.176.108",
              "4.144.176.115",
              "57.155.49.244",
              "57.155.50.11",
              "57.155.50.15",
              "57.155.50.41",
              "57.155.50.222",
              "57.155.51.191",
              "20.212.64.2"
            ],
            "outbound_ip_addresses": "57.155.53.170,57.155.53.206,57.155.53.106,4.144.176.9,4.144.176.108,4.144.176.115,57.155.49.244,57.155.50.11,57.155.50.15,57.155.50.41,57.155.50.222,57.155.51.191,20.212.64.2",
            "possible_outbound_ip_address_list": [
              "57.155.53.170",
              "57.155.53.206",
              "57.155.53.106",
              "4.144.176.9",
              "4.144.176.108",
              "4.144.176.115",
              "57.155.49.244",
              "57.155.50.11",
              "57.155.50.15",
              "57.155.50.41",
              "57.155.50.222",
              "57.155.51.191",
              "57.155.52.253",
              "57.155.53.7",
              "57.155.53.70",
              "57.155.53.72",
              "57.155.53.117",
              "57.155.53.125",
              "57.155.53.129",
              "57.155.53.132",
              "57.155.53.141",
              "57.155.53.145",
              "57.155.53.157",
              "57.155.53.159",
              "4.144.176.117",
              "4.144.176.163",
              "4.144.176.164",
              "4.144.177.23",
              "4.144.177.46",
              "4.144.177.68",
              "20.212.64.2"
            ],
            "possible_outbound_ip_addresses": "57.155.53.170,57.155.53.206,57.155.53.106,4.144.176.9,4.144.176.108,4.144.176.115,57.155.49.244,57.155.50.11,57.155.50.15,57.155.50.41,57.155.50.222,57.155.51.191,57.155.52.253,57.155.53.7,57.155.53.70,57.155.53.72,57.155.53.117,57.155.53.125,57.155.53.129,57.155.53.132,57.155.53.141,57.155.53.145,57.155.53.157,57.155.53.159,4.144.176.117,4.144.176.163,4.144.176.164,4.144.177.23,4.144.177.46,4.144.177.68,20.212.64.2",
            "public_network_access_enabled": true,
            "resource_group_name": "myapp-rg",
            "service_plan_id": "/subscriptions/c45812e8-7995-4894-9bd9-3f8d098368ca/resourceGroups/myapp-rg/providers/Microsoft.Web/serverFarms/myapp-service-plan",
            "site_config": [
              {
                "always_on": true,
                "api_definition_url": "",
                "api_management_api_id": "",
                "app_command_line": "",
                "application_stack": [
                  {
                    "docker_image_name": "",
                    "docker_registry_password": "",
                    "docker_registry_url": "",
                    "docker_registry_username": "",
                    "dotnet_version": "",
                    "go_version": "",
                    "java_server": "",
                    "java_server_version": "",
                    "java_version": "",
                    "node_version": "18-lts",
                    "php_version": "",
                    "python_version": "",
                    "ruby_version": ""
                  }
                ],
                "auto_heal_setting": [],
                "container_registry_managed_identity_client_id": "",
                "container_registry_use_managed_identity": false,
                "cors": [],
                "default_documents": [
                  "Default.htm",
                  "Default.html",
                  "Default.asp",
                  "index.htm",
                  "index.html",
                  "iisstart.htm",
                  "default.aspx",
                  "index.php",
                  "hostingstart.html"
                ],
                "detailed_error_logging_enabled": false,
                "ftps_state": "Disabled",
                "health_check_eviction_time_in_min": 0,
                "health_check_path": "",
                "http2_enabled": false,
                "ip_restriction": [],
                "ip_restriction_default_action": "Allow",
                "linux_fx_version": "NODE|18-lts",
                "load_balancing_mode": "LeastRequests",
                "local_mysql_enabled": false,
                "managed_pipeline_mode": "Integrated",
                "minimum_tls_version": "1.2",
                "remote_debugging_enabled": false,
                "remote_debugging_version": "VS2022",
                "scm_ip_restriction": [],
                "scm_ip_restriction_default_action": "Allow",
                "scm_minimum_tls_version": "1.2",
                "scm_type": "None",
                "scm_use_main_ip_restriction": false,
                "use_32_bit_worker": true,
                "vnet_route_all_enabled": false,
                "websockets_enabled": false,
                "worker_count": 1
              }
            ],
            "site_credential": [
              {
                "name": "$myapp-frontend-2024",
                "password": "yMNn52oJlPHRldfYljiTbYb0ldzGlLAduCxvZNa2GEBjSW2MP1QsxzaWhtZl"
              }
            ],
            "sticky_settings": [],
            "storage_account": [],
            "tags": null,
            "timeouts": null,
            "virtual_network_backup_restore_enabled": false,
            "virtual_network_subnet_id": "",
            "vnet_image_pull_enabled": false,
            "webdeploy_publish_basic_authentication_enabled": true,
            "zip_deploy_file": ""
          },
          "sensitive_attributes": [],
          "private": "eyJlMmJmYjczMC1lY2FhLTExZTYtOGY4OC0zNDM2M2JjN2M0YzAiOnsiY3JlYXRlIjoxODAwMDAwMDAwMDAwLCJkZWxldGUiOjE4MDAwMDAwMDAwMDAsInJlYWQiOjMwMDAwMDAwMDAwMCwidXBkYXRlIjoxODAwMDAwMDAwMDAwfSwic2NoZW1hX3ZlcnNpb24iOiIxIn0=",
          "dependencies": [
            "azurerm_linux_web_app.backend",
            "azurerm_mysql_flexible_server.main",
            "azurerm_resource_group.main",
            "azurerm_service_plan.main"
          ]
        }
      ]
    },
    {
      "mode": "managed",
      "type": "azurerm_mysql_flexible_database",
      "name": "main",
      "provider": "provider[\"registry.terraform.io/hashicorp/azurerm\"]",
      "instances": [
        {
          "schema_version": 0,
          "attributes": {
            "charset": "utf8mb3",
            "collation": "utf8mb3_unicode_ci",
            "id": "/subscriptions/c45812e8-7995-4894-9bd9-3f8d098368ca/resourceGroups/myapp-rg/providers/Microsoft.DBforMySQL/flexibleServers/myappmysql2024/databases/appdb",
            "name": "appdb",
            "resource_group_name": "myapp-rg",
            "server_name": "myappmysql2024",
            "timeouts": null
          },
          "sensitive_attributes": [],
          "private": "eyJlMmJmYjczMC1lY2FhLTExZTYtOGY4OC0zNDM2M2JjN2M0YzAiOnsiY3JlYXRlIjozNjAwMDAwMDAwMDAwLCJkZWxldGUiOjM2MDAwMDAwMDAwMDAsInJlYWQiOjMwMDAwMDAwMDAwMH19",
          "dependencies": [
            "azurerm_mysql_flexible_server.main",
            "azurerm_resource_group.main"
          ]
        }
      ]
    },
    {
      "mode": "managed",
      "type": "azurerm_mysql_flexible_server",
      "name": "main",
      "provider": "provider[\"registry.terraform.io/hashicorp/azurerm\"]",
      "instances": [
        {
          "schema_version": 0,
          "attributes": {
            "administrator_login": "appuser",
            "administrator_password": "appPassword123!",
            "administrator_password_wo": null,
            "administrator_password_wo_version": 0,
            "backup_retention_days": 7,
            "create_mode": null,
            "customer_managed_key": [],
            "delegated_subnet_id": "",
            "fqdn": "myappmysql2024.mysql.database.azure.com",
            "geo_redundant_backup_enabled": false,
            "high_availability": [],
            "id": "/subscriptions/c45812e8-7995-4894-9bd9-3f8d098368ca/resourceGroups/myapp-rg/providers/Microsoft.DBforMySQL/flexibleServers/myappmysql2024",
            "identity": [],
            "location": "southeastasia",
            "maintenance_window": [],
            "name": "myappmysql2024",
            "point_in_time_restore_time_in_utc": null,
            "private_dns_zone_id": "",
            "public_network_access": "Enabled",
            "public_network_access_enabled": true,
            "replica_capacity": 10,
            "replication_role": "None",
            "resource_group_name": "myapp-rg",
            "sku_name": "B_Standard_B1ms",
            "source_server_id": "",
            "storage": [
              {
                "auto_grow_enabled": true,
                "io_scaling_enabled": false,
                "iops": 360,
                "log_on_disk_enabled": false,
                "size_gb": 20
              }
            ],
            "tags": null,
            "timeouts": null,
            "version": "8.0.21",
            "zone": "1"
          },
          "sensitive_attributes": [],
          "private": "eyJlMmJmYjczMC1lY2FhLTExZTYtOGY4OC0zNDM2M2JjN2M0YzAiOnsiY3JlYXRlIjo3MjAwMDAwMDAwMDAwLCJkZWxldGUiOjM2MDAwMDAwMDAwMDAsInJlYWQiOjMwMDAwMDAwMDAwMCwidXBkYXRlIjo3MjAwMDAwMDAwMDAwfX0=",
          "dependencies": [
            "azurerm_resource_group.main"
          ]
        }
      ]
    },
    {
      "mode": "managed",
      "type": "azurerm_mysql_flexible_server_firewall_rule",
      "name": "allow_all",
      "provider": "provider[\"registry.terraform.io/hashicorp/azurerm\"]",
      "instances": [
        {
          "schema_version": 0,
          "attributes": {
            "end_ip_address": "255.255.255.255",
            "id": "/subscriptions/c45812e8-7995-4894-9bd9-3f8d098368ca/resourceGroups/myapp-rg/providers/Microsoft.DBforMySQL/flexibleServers/myappmysql2024/firewallRules/AllowAllAzureIPs",
            "name": "AllowAllAzureIPs",
            "resource_group_name": "myapp-rg",
            "server_name": "myappmysql2024",
            "start_ip_address": "0.0.0.0",
            "timeouts": null
          },
          "sensitive_attributes": [],
          "private": "eyJlMmJmYjczMC1lY2FhLTExZTYtOGY4OC0zNDM2M2JjN2M0YzAiOnsiY3JlYXRlIjoxODAwMDAwMDAwMDAwLCJkZWxldGUiOjE4MDAwMDAwMDAwMDAsInJlYWQiOjMwMDAwMDAwMDAwMCwidXBkYXRlIjoxODAwMDAwMDAwMDAwfX0=",
          "dependencies": [
            "azurerm_mysql_flexible_server.main",
            "azurerm_resource_group.main"
          ]
        }
      ]
    },
    {
      "mode": "managed",
      "type": "azurerm_resource_group",
      "name": "main",
      "provider": "provider[\"registry.terraform.io/hashicorp/azurerm\"]",
      "instances": [
        {
          "schema_version": 0,
          "attributes": {
            "id": "/subscriptions/c45812e8-7995-4894-9bd9-3f8d098368ca/resourceGroups/myapp-rg",
            "location": "southeastasia",
            "managed_by": "",
            "name": "myapp-rg",
            "tags": {},
            "timeouts": null
          },
          "sensitive_attributes": [],
          "private": "eyJlMmJmYjczMC1lY2FhLTExZTYtOGY4OC0zNDM2M2JjN2M0YzAiOnsiY3JlYXRlIjo1NDAwMDAwMDAwMDAwLCJkZWxldGUiOjU0MDAwMDAwMDAwMDAsInJlYWQiOjMwMDAwMDAwMDAwMCwidXBkYXRlIjo1NDAwMDAwMDAwMDAwfSwic2NoZW1hX3ZlcnNpb24iOiIwIn0="
        }
      ]
    },
    {
      "mode": "managed",
      "type": "azurerm_service_plan",
      "name": "main",
      "provider": "provider[\"registry.terraform.io/hashicorp/azurerm\"]",
      "instances": [
        {
          "schema_version": 1,
          "attributes": {
            "app_service_environment_id": "",
            "id": "/subscriptions/c45812e8-7995-4894-9bd9-3f8d098368ca/resourceGroups/myapp-rg/providers/Microsoft.Web/serverFarms/myapp-service-plan",
            "kind": "linux",
            "location": "southeastasia",
            "maximum_elastic_worker_count": 1,
            "name": "myapp-service-plan",
            "os_type": "Linux",
            "per_site_scaling_enabled": false,
            "premium_plan_auto_scale_enabled": false,
            "reserved": true,
            "resource_group_name": "myapp-rg",
            "sku_name": "B1",
            "tags": null,
            "timeouts": null,
            "worker_count": 1,
            "zone_balancing_enabled": false
          },
          "sensitive_attributes": [],
          "private": "eyJlMmJmYjczMC1lY2FhLTExZTYtOGY4OC0zNDM2M2JjN2M0YzAiOnsiY3JlYXRlIjozNjAwMDAwMDAwMDAwLCJkZWxldGUiOjM2MDAwMDAwMDAwMDAsInJlYWQiOjMwMDAwMDAwMDAwMCwidXBkYXRlIjozNjAwMDAwMDAwMDAwfSwic2NoZW1hX3ZlcnNpb24iOiIxIn0=",
          "dependencies": [
            "azurerm_resource_group.main"
          ]
        }
      ]
    }
  ],
  "check_results": null
}
